// !$*UTF8*$!
{
	archiveVersion = 1;
	classes = {
	};
	objectVersion = 48;
	objects = {

/* Begin PBXBuildFile section */
		39F373DC45736EB5C1570D0A /* Pods_Stayt.framework in Frameworks */ = {isa = PBXBuildFile; fileRef = EA5DB0E9332390829FAEE9FF /* Pods_Stayt.framework */; };
		7E05A5F620498CB1002F5648 /* CurrentPackViewController.swift in Sources */ = {isa = PBXBuildFile; fileRef = 7E05A5F520498CB1002F5648 /* CurrentPackViewController.swift */; };
		7E05A5F8204990F0002F5648 /* ExercisePack.swift in Sources */ = {isa = PBXBuildFile; fileRef = 7E05A5F7204990F0002F5648 /* ExercisePack.swift */; };
		7E05A5FA2049B1C3002F5648 /* CompletedPackView.xib in Resources */ = {isa = PBXBuildFile; fileRef = 7E05A5F92049B1C3002F5648 /* CompletedPackView.xib */; };
		7E05A5FD2049B3B1002F5648 /* CompletedPackView.swift in Sources */ = {isa = PBXBuildFile; fileRef = 7E05A5FC2049B3B1002F5648 /* CompletedPackView.swift */; };
		7E0DB3A320768A4B002764FD /* AnimatedCircleView.swift in Sources */ = {isa = PBXBuildFile; fileRef = 7E0DB3A220768A4B002764FD /* AnimatedCircleView.swift */; };
		7E10A533203AC6FA0059AEF9 /* Colors.swift in Sources */ = {isa = PBXBuildFile; fileRef = 7E10A532203AC6FA0059AEF9 /* Colors.swift */; };
		7E10A535203B02910059AEF9 /* ExerciseSectionView.xib in Resources */ = {isa = PBXBuildFile; fileRef = 7E10A534203B02910059AEF9 /* ExerciseSectionView.xib */; };
		7E10A537203B02E10059AEF9 /* ExerciseSectionCollectionCell.xib in Resources */ = {isa = PBXBuildFile; fileRef = 7E10A536203B02E10059AEF9 /* ExerciseSectionCollectionCell.xib */; };
		7E10A53A203B06850059AEF9 /* ExerciseSectionView.swift in Sources */ = {isa = PBXBuildFile; fileRef = 7E10A539203B06850059AEF9 /* ExerciseSectionView.swift */; };
		7E10A53D203B06E20059AEF9 /* ExerciseSectionCollectionCell.swift in Sources */ = {isa = PBXBuildFile; fileRef = 7E10A53C203B06E20059AEF9 /* ExerciseSectionCollectionCell.swift */; };
		7E10A543203B09400059AEF9 /* ExerciseSection.swift in Sources */ = {isa = PBXBuildFile; fileRef = 7E10A542203B09400059AEF9 /* ExerciseSection.swift */; };
		7E10A545203B0A5C0059AEF9 /* BaseViewController.swift in Sources */ = {isa = PBXBuildFile; fileRef = 7E10A544203B0A5C0059AEF9 /* BaseViewController.swift */; };
		7E2035E1201C7FD4005A6707 /* meditationBell.mp3 in Resources */ = {isa = PBXBuildFile; fileRef = 7E2035E0201C7FD4005A6707 /* meditationBell.mp3 */; };
		7E2035E4201C841D005A6707 /* AfterExerciseViewController.swift in Sources */ = {isa = PBXBuildFile; fileRef = 7E2035E3201C841D005A6707 /* AfterExerciseViewController.swift */; };
		7E2035E6201C8437005A6707 /* AfterExerciseCell.swift in Sources */ = {isa = PBXBuildFile; fileRef = 7E2035E5201C8437005A6707 /* AfterExerciseCell.swift */; };
		7E2035E8201C8598005A6707 /* ExerciseCoordinator.swift in Sources */ = {isa = PBXBuildFile; fileRef = 7E2035E7201C8598005A6707 /* ExerciseCoordinator.swift */; };
		7E242176202B298800C03126 /* HistoryViewController.swift in Sources */ = {isa = PBXBuildFile; fileRef = 7E242175202B298800C03126 /* HistoryViewController.swift */; };
		7E242178202B2AC900C03126 /* EmptyView.xib in Resources */ = {isa = PBXBuildFile; fileRef = 7E242177202B2AC900C03126 /* EmptyView.xib */; };
		7E24217B202B2B0C00C03126 /* EmptyView.swift in Sources */ = {isa = PBXBuildFile; fileRef = 7E24217A202B2B0C00C03126 /* EmptyView.swift */; };
		7E24217D202B2FB000C03126 /* HistoryDataSource.swift in Sources */ = {isa = PBXBuildFile; fileRef = 7E24217C202B2FB000C03126 /* HistoryDataSource.swift */; };
		7E24217F202B2FC800C03126 /* HistoryItem.swift in Sources */ = {isa = PBXBuildFile; fileRef = 7E24217E202B2FC800C03126 /* HistoryItem.swift */; };
		7E242181202B354100C03126 /* HistoryManager.swift in Sources */ = {isa = PBXBuildFile; fileRef = 7E242180202B354100C03126 /* HistoryManager.swift */; };
		7E242183202B3E0D00C03126 /* HistoryItemCell.swift in Sources */ = {isa = PBXBuildFile; fileRef = 7E242182202B3E0D00C03126 /* HistoryItemCell.swift */; };
		7E28949E204127C2005D2F22 /* RestView.xib in Resources */ = {isa = PBXBuildFile; fileRef = 7E28949D204127C2005D2F22 /* RestView.xib */; };
		7E2894A020412A93005D2F22 /* RestView.swift in Sources */ = {isa = PBXBuildFile; fileRef = 7E28949F20412A93005D2F22 /* RestView.swift */; };
		7E2894A22041327F005D2F22 /* RestViewHandler.swift in Sources */ = {isa = PBXBuildFile; fileRef = 7E2894A12041327F005D2F22 /* RestViewHandler.swift */; };
		7E29EBC2205E9D19009E7B63 /* CustomFeelingCell.swift in Sources */ = {isa = PBXBuildFile; fileRef = 7E29EBC1205E9D19009E7B63 /* CustomFeelingCell.swift */; };
		7E2C59FA203707B000018536 /* SingleExerciseViewController.swift in Sources */ = {isa = PBXBuildFile; fileRef = 7E2C59F9203707B000018536 /* SingleExerciseViewController.swift */; };
		7E2C59FE2037FD6E00018536 /* SingleExerciseViewModel.swift in Sources */ = {isa = PBXBuildFile; fileRef = 7E2C59FD2037FD6E00018536 /* SingleExerciseViewModel.swift */; };
		7E2C5A0120383EEA00018536 /* MultipleExerciseViewController.swift in Sources */ = {isa = PBXBuildFile; fileRef = 7E2C5A0020383EE900018536 /* MultipleExerciseViewController.swift */; };
		7E2C5A0320383FE300018536 /* SingleActivityCell.swift in Sources */ = {isa = PBXBuildFile; fileRef = 7E2C5A0220383FE300018536 /* SingleActivityCell.swift */; };
		7E2C5A052038426000018536 /* MultipleExerciseViewModel.swift in Sources */ = {isa = PBXBuildFile; fileRef = 7E2C5A042038426000018536 /* MultipleExerciseViewModel.swift */; };
		7E2C5A07203867D300018536 /* ExerciseViewModel.swift in Sources */ = {isa = PBXBuildFile; fileRef = 7E2C5A06203867D300018536 /* ExerciseViewModel.swift */; };
		7E363FEA204586DB000F25A3 /* ExerciseDataSource.swift in Sources */ = {isa = PBXBuildFile; fileRef = 7E363FE9204586DB000F25A3 /* ExerciseDataSource.swift */; };
		7E363FEC2045958C000F25A3 /* StagesDurationViewController.swift in Sources */ = {isa = PBXBuildFile; fileRef = 7E363FEB2045958C000F25A3 /* StagesDurationViewController.swift */; };
		7E363FEF20459807000F25A3 /* StageCell.swift in Sources */ = {isa = PBXBuildFile; fileRef = 7E363FEE20459807000F25A3 /* StageCell.swift */; };
		7E366B8E203DD9CF00A2297F /* empty.mp3 in Resources */ = {isa = PBXBuildFile; fileRef = 7E366B8D203DD9CE00A2297F /* empty.mp3 */; };
		7E3DAA29200F5A3D00E1B88C /* BorderedCircleView.swift in Sources */ = {isa = PBXBuildFile; fileRef = 7E3DAA28200F5A3D00E1B88C /* BorderedCircleView.swift */; };
		7E3DAA2C200F5D6700E1B88C /* DisclosureButton.swift in Sources */ = {isa = PBXBuildFile; fileRef = 7E3DAA2B200F5D6700E1B88C /* DisclosureButton.swift */; };
		7E3DAA3D200FC1E500E1B88C /* UIViewExtentions.swift in Sources */ = {isa = PBXBuildFile; fileRef = 7E3DAA3C200FC1E500E1B88C /* UIViewExtentions.swift */; };
		7E4BA0C920288B8A00C7C18A /* CenteredCell.xib in Resources */ = {isa = PBXBuildFile; fileRef = 7E4BA0C820288B8A00C7C18A /* CenteredCell.xib */; };
		7E4BA0CB20288BEC00C7C18A /* CenteredCell.swift in Sources */ = {isa = PBXBuildFile; fileRef = 7E4BA0CA20288BEC00C7C18A /* CenteredCell.swift */; };
		7E4BA0CE20288DC000C7C18A /* DurationPickerViewController.swift in Sources */ = {isa = PBXBuildFile; fileRef = 7E4BA0CD20288DC000C7C18A /* DurationPickerViewController.swift */; };
		7E4BA0D12029E6E600C7C18A /* HolderView.xib in Resources */ = {isa = PBXBuildFile; fileRef = 7E4BA0D02029E6E600C7C18A /* HolderView.xib */; };
		7E4BA0D32029EAA500C7C18A /* HolderView.swift in Sources */ = {isa = PBXBuildFile; fileRef = 7E4BA0D22029EAA500C7C18A /* HolderView.swift */; };
		7E4BA0D52029F08200C7C18A /* HolderViewHandler.swift in Sources */ = {isa = PBXBuildFile; fileRef = 7E4BA0D42029F08200C7C18A /* HolderViewHandler.swift */; };
		7E5105C4207C8B5800E0D5E4 /* ActivityStage.swift in Sources */ = {isa = PBXBuildFile; fileRef = 7E5105C3207C8B5800E0D5E4 /* ActivityStage.swift */; };
		7E5105C6207C91FC00E0D5E4 /* StagesActivityCell.swift in Sources */ = {isa = PBXBuildFile; fileRef = 7E5105C5207C91FC00E0D5E4 /* StagesActivityCell.swift */; };
		7E5AD2AE202ED2A800C08D77 /* CustomFeelingViewController.swift in Sources */ = {isa = PBXBuildFile; fileRef = 7E5AD2AD202ED2A800C08D77 /* CustomFeelingViewController.swift */; };
		7E5AD2B12031FBEC00C08D77 /* ExerciseDescriptionViewController.swift in Sources */ = {isa = PBXBuildFile; fileRef = 7E5AD2B02031FBEC00C08D77 /* ExerciseDescriptionViewController.swift */; };
		7E67E34820132BB1009E084F /* Exercise.swift in Sources */ = {isa = PBXBuildFile; fileRef = 7E67E34720132BB1009E084F /* Exercise.swift */; };
		7E85DE53203C40240052CFAA /* ExerciseDescription.swift in Sources */ = {isa = PBXBuildFile; fileRef = 7E85DE52203C40240052CFAA /* ExerciseDescription.swift */; };
		7E85DE55203C4EF60052CFAA /* UserSession.swift in Sources */ = {isa = PBXBuildFile; fileRef = 7E85DE54203C4EF60052CFAA /* UserSession.swift */; };
		7E85DE57203C6DD20052CFAA /* UserSessionHandler.swift in Sources */ = {isa = PBXBuildFile; fileRef = 7E85DE56203C6DD20052CFAA /* UserSessionHandler.swift */; };
		7E85DE5A203C7C490052CFAA /* AboutViewController.swift in Sources */ = {isa = PBXBuildFile; fileRef = 7E85DE59203C7C490052CFAA /* AboutViewController.swift */; };
		7E85DE5C203C80680052CFAA /* CopyLabel.swift in Sources */ = {isa = PBXBuildFile; fileRef = 7E85DE5B203C80680052CFAA /* CopyLabel.swift */; };
		7E9182DE20615AF0001065D1 /* NewFeelingView.xib in Resources */ = {isa = PBXBuildFile; fileRef = 7E9182DD20615AF0001065D1 /* NewFeelingView.xib */; };
		7E9182E020615C5A001065D1 /* NewFeelingView.swift in Sources */ = {isa = PBXBuildFile; fileRef = 7E9182DF20615C5A001065D1 /* NewFeelingView.swift */; };
		7E9182E220618B39001065D1 /* FeelingsDataSrouce.swift in Sources */ = {isa = PBXBuildFile; fileRef = 7E9182E120618B39001065D1 /* FeelingsDataSrouce.swift */; };
		7E9CE5D92072B08500F5DE58 /* VideoDescriptionViewController.swift in Sources */ = {isa = PBXBuildFile; fileRef = 7E9CE5D82072B08500F5DE58 /* VideoDescriptionViewController.swift */; };
		7E9CE5DB2072B1F000F5DE58 /* DescriptionPageViewController.swift in Sources */ = {isa = PBXBuildFile; fileRef = 7E9CE5DA2072B1F000F5DE58 /* DescriptionPageViewController.swift */; };
		7EBA760D20655E4B003794C4 /* PackOverviewViewController.swift in Sources */ = {isa = PBXBuildFile; fileRef = 7EBA760C20655E4B003794C4 /* PackOverviewViewController.swift */; };
		7EBA760F20655E6D003794C4 /* PackOverviewCell.swift in Sources */ = {isa = PBXBuildFile; fileRef = 7EBA760E20655E6D003794C4 /* PackOverviewCell.swift */; };
		7EC1BBF320335593008DDB68 /* AfterFeeling.swift in Sources */ = {isa = PBXBuildFile; fileRef = 7EC1BBF220335593008DDB68 /* AfterFeeling.swift */; };
		7ECB5E51206E2A4D00A8E524 /* OnboardingPageViewController.swift in Sources */ = {isa = PBXBuildFile; fileRef = 7ECB5E50206E2A4D00A8E524 /* OnboardingPageViewController.swift */; };
		7ECB5E53206E526400A8E524 /* MainCoordinator.swift in Sources */ = {isa = PBXBuildFile; fileRef = 7ECB5E52206E526400A8E524 /* MainCoordinator.swift */; };
		7ED5C460206D5C3100031950 /* Onboarding.storyboard in Resources */ = {isa = PBXBuildFile; fileRef = 7ED5C45F206D5C3100031950 /* Onboarding.storyboard */; };
		7ED5C463206D62B100031950 /* IconedOnboardingViewController.swift in Sources */ = {isa = PBXBuildFile; fileRef = 7ED5C462206D62B100031950 /* IconedOnboardingViewController.swift */; };
		7ED5C465206D62D000031950 /* TextOnboardingViewController.swift in Sources */ = {isa = PBXBuildFile; fileRef = 7ED5C464206D62D000031950 /* TextOnboardingViewController.swift */; };
		7ED5C467206D62EB00031950 /* FinalOnboardingViewController.swift in Sources */ = {isa = PBXBuildFile; fileRef = 7ED5C466206D62EB00031950 /* FinalOnboardingViewController.swift */; };
		7ED867AF204BCE5F00340051 /* DropDownDurationPicker.xib in Resources */ = {isa = PBXBuildFile; fileRef = 7ED867AE204BCE5F00340051 /* DropDownDurationPicker.xib */; };
		7ED867B1204BCF2400340051 /* DropDownDurationPicker.swift in Sources */ = {isa = PBXBuildFile; fileRef = 7ED867B0204BCF2400340051 /* DropDownDurationPicker.swift */; };
		7ED867B3204BD5E000340051 /* DurationsOptionsMenuHandler.swift in Sources */ = {isa = PBXBuildFile; fileRef = 7ED867B2204BD5E000340051 /* DurationsOptionsMenuHandler.swift */; };
		7EDB2E672014D16C00D77CB8 /* TimerDisplay.swift in Sources */ = {isa = PBXBuildFile; fileRef = 7EDB2E662014D16C00D77CB8 /* TimerDisplay.swift */; };
		7EDC598A200E6C4100C33DFC /* AppDelegate.swift in Sources */ = {isa = PBXBuildFile; fileRef = 7EDC5989200E6C4100C33DFC /* AppDelegate.swift */; };
		7EDC598F200E6C4100C33DFC /* Main.storyboard in Resources */ = {isa = PBXBuildFile; fileRef = 7EDC598D200E6C4100C33DFC /* Main.storyboard */; };
		7EDC5991200E6C4100C33DFC /* Assets.xcassets in Resources */ = {isa = PBXBuildFile; fileRef = 7EDC5990200E6C4100C33DFC /* Assets.xcassets */; };
		7EDC5994200E6C4100C33DFC /* LaunchScreen.storyboard in Resources */ = {isa = PBXBuildFile; fileRef = 7EDC5992200E6C4100C33DFC /* LaunchScreen.storyboard */; };
		7EDC599C200E75A400C33DFC /* MainViewController.swift in Sources */ = {isa = PBXBuildFile; fileRef = 7EDC599B200E75A400C33DFC /* MainViewController.swift */; };
		7EDC599F200E765C00C33DFC /* FeelingCell.swift in Sources */ = {isa = PBXBuildFile; fileRef = 7EDC599E200E765C00C33DFC /* FeelingCell.swift */; };
		7EDC59A2200E76E100C33DFC /* Activity.swift in Sources */ = {isa = PBXBuildFile; fileRef = 7EDC59A1200E76E100C33DFC /* Activity.swift */; };
		7EF969102046CF8900EF146D /* StagesCoordinator.swift in Sources */ = {isa = PBXBuildFile; fileRef = 7EF9690F2046CF8900EF146D /* StagesCoordinator.swift */; };
/* End PBXBuildFile section */

/* Begin PBXFileReference section */
		229C7D958619E0AD4C165330 /* Pods-Stayt.release.xcconfig */ = {isa = PBXFileReference; includeInIndex = 1; lastKnownFileType = text.xcconfig; name = "Pods-Stayt.release.xcconfig"; path = "Pods/Target Support Files/Pods-Stayt/Pods-Stayt.release.xcconfig"; sourceTree = "<group>"; };
		7E05A5F520498CB1002F5648 /* CurrentPackViewController.swift */ = {isa = PBXFileReference; lastKnownFileType = sourcecode.swift; path = CurrentPackViewController.swift; sourceTree = "<group>"; };
		7E05A5F7204990F0002F5648 /* ExercisePack.swift */ = {isa = PBXFileReference; lastKnownFileType = sourcecode.swift; path = ExercisePack.swift; sourceTree = "<group>"; };
		7E05A5F92049B1C3002F5648 /* CompletedPackView.xib */ = {isa = PBXFileReference; lastKnownFileType = file.xib; path = CompletedPackView.xib; sourceTree = "<group>"; };
		7E05A5FC2049B3B1002F5648 /* CompletedPackView.swift */ = {isa = PBXFileReference; lastKnownFileType = sourcecode.swift; path = CompletedPackView.swift; sourceTree = "<group>"; };
		7E0DB3A220768A4B002764FD /* AnimatedCircleView.swift */ = {isa = PBXFileReference; lastKnownFileType = sourcecode.swift; path = AnimatedCircleView.swift; sourceTree = "<group>"; };
		7E10A532203AC6FA0059AEF9 /* Colors.swift */ = {isa = PBXFileReference; lastKnownFileType = sourcecode.swift; path = Colors.swift; sourceTree = "<group>"; };
		7E10A534203B02910059AEF9 /* ExerciseSectionView.xib */ = {isa = PBXFileReference; lastKnownFileType = file.xib; path = ExerciseSectionView.xib; sourceTree = "<group>"; };
		7E10A536203B02E10059AEF9 /* ExerciseSectionCollectionCell.xib */ = {isa = PBXFileReference; lastKnownFileType = file.xib; path = ExerciseSectionCollectionCell.xib; sourceTree = "<group>"; };
		7E10A539203B06850059AEF9 /* ExerciseSectionView.swift */ = {isa = PBXFileReference; lastKnownFileType = sourcecode.swift; path = ExerciseSectionView.swift; sourceTree = "<group>"; };
		7E10A53C203B06E20059AEF9 /* ExerciseSectionCollectionCell.swift */ = {isa = PBXFileReference; lastKnownFileType = sourcecode.swift; path = ExerciseSectionCollectionCell.swift; sourceTree = "<group>"; };
		7E10A542203B09400059AEF9 /* ExerciseSection.swift */ = {isa = PBXFileReference; lastKnownFileType = sourcecode.swift; path = ExerciseSection.swift; sourceTree = "<group>"; };
		7E10A544203B0A5C0059AEF9 /* BaseViewController.swift */ = {isa = PBXFileReference; lastKnownFileType = sourcecode.swift; path = BaseViewController.swift; sourceTree = "<group>"; };
		7E2035E0201C7FD4005A6707 /* meditationBell.mp3 */ = {isa = PBXFileReference; lastKnownFileType = audio.mp3; path = meditationBell.mp3; sourceTree = "<group>"; };
		7E2035E3201C841D005A6707 /* AfterExerciseViewController.swift */ = {isa = PBXFileReference; lastKnownFileType = sourcecode.swift; path = AfterExerciseViewController.swift; sourceTree = "<group>"; };
		7E2035E5201C8437005A6707 /* AfterExerciseCell.swift */ = {isa = PBXFileReference; lastKnownFileType = sourcecode.swift; path = AfterExerciseCell.swift; sourceTree = "<group>"; };
		7E2035E7201C8598005A6707 /* ExerciseCoordinator.swift */ = {isa = PBXFileReference; lastKnownFileType = sourcecode.swift; path = ExerciseCoordinator.swift; sourceTree = "<group>"; };
		7E242175202B298800C03126 /* HistoryViewController.swift */ = {isa = PBXFileReference; lastKnownFileType = sourcecode.swift; path = HistoryViewController.swift; sourceTree = "<group>"; };
		7E242177202B2AC900C03126 /* EmptyView.xib */ = {isa = PBXFileReference; lastKnownFileType = file.xib; path = EmptyView.xib; sourceTree = "<group>"; };
		7E24217A202B2B0C00C03126 /* EmptyView.swift */ = {isa = PBXFileReference; lastKnownFileType = sourcecode.swift; path = EmptyView.swift; sourceTree = "<group>"; };
		7E24217C202B2FB000C03126 /* HistoryDataSource.swift */ = {isa = PBXFileReference; lastKnownFileType = sourcecode.swift; path = HistoryDataSource.swift; sourceTree = "<group>"; };
		7E24217E202B2FC800C03126 /* HistoryItem.swift */ = {isa = PBXFileReference; lastKnownFileType = sourcecode.swift; path = HistoryItem.swift; sourceTree = "<group>"; };
		7E242180202B354100C03126 /* HistoryManager.swift */ = {isa = PBXFileReference; lastKnownFileType = sourcecode.swift; path = HistoryManager.swift; sourceTree = "<group>"; };
		7E242182202B3E0D00C03126 /* HistoryItemCell.swift */ = {isa = PBXFileReference; lastKnownFileType = sourcecode.swift; path = HistoryItemCell.swift; sourceTree = "<group>"; };
		7E28949D204127C2005D2F22 /* RestView.xib */ = {isa = PBXFileReference; lastKnownFileType = file.xib; path = RestView.xib; sourceTree = "<group>"; };
		7E28949F20412A93005D2F22 /* RestView.swift */ = {isa = PBXFileReference; lastKnownFileType = sourcecode.swift; path = RestView.swift; sourceTree = "<group>"; };
		7E2894A12041327F005D2F22 /* RestViewHandler.swift */ = {isa = PBXFileReference; lastKnownFileType = sourcecode.swift; path = RestViewHandler.swift; sourceTree = "<group>"; };
		7E29EBC1205E9D19009E7B63 /* CustomFeelingCell.swift */ = {isa = PBXFileReference; lastKnownFileType = sourcecode.swift; path = CustomFeelingCell.swift; sourceTree = "<group>"; };
		7E2C59F9203707B000018536 /* SingleExerciseViewController.swift */ = {isa = PBXFileReference; lastKnownFileType = sourcecode.swift; path = SingleExerciseViewController.swift; sourceTree = "<group>"; };
		7E2C59FD2037FD6E00018536 /* SingleExerciseViewModel.swift */ = {isa = PBXFileReference; lastKnownFileType = sourcecode.swift; path = SingleExerciseViewModel.swift; sourceTree = "<group>"; };
		7E2C5A0020383EE900018536 /* MultipleExerciseViewController.swift */ = {isa = PBXFileReference; lastKnownFileType = sourcecode.swift; path = MultipleExerciseViewController.swift; sourceTree = "<group>"; };
		7E2C5A0220383FE300018536 /* SingleActivityCell.swift */ = {isa = PBXFileReference; lastKnownFileType = sourcecode.swift; path = SingleActivityCell.swift; sourceTree = "<group>"; };
		7E2C5A042038426000018536 /* MultipleExerciseViewModel.swift */ = {isa = PBXFileReference; lastKnownFileType = sourcecode.swift; path = MultipleExerciseViewModel.swift; sourceTree = "<group>"; };
		7E2C5A06203867D300018536 /* ExerciseViewModel.swift */ = {isa = PBXFileReference; lastKnownFileType = sourcecode.swift; path = ExerciseViewModel.swift; sourceTree = "<group>"; };
		7E363FE9204586DB000F25A3 /* ExerciseDataSource.swift */ = {isa = PBXFileReference; lastKnownFileType = sourcecode.swift; path = ExerciseDataSource.swift; sourceTree = "<group>"; };
		7E363FEB2045958C000F25A3 /* StagesDurationViewController.swift */ = {isa = PBXFileReference; lastKnownFileType = sourcecode.swift; path = StagesDurationViewController.swift; sourceTree = "<group>"; };
		7E363FEE20459807000F25A3 /* StageCell.swift */ = {isa = PBXFileReference; lastKnownFileType = sourcecode.swift; path = StageCell.swift; sourceTree = "<group>"; };
		7E366B8D203DD9CE00A2297F /* empty.mp3 */ = {isa = PBXFileReference; lastKnownFileType = audio.mp3; path = empty.mp3; sourceTree = "<group>"; };
		7E3DAA28200F5A3D00E1B88C /* BorderedCircleView.swift */ = {isa = PBXFileReference; lastKnownFileType = sourcecode.swift; path = BorderedCircleView.swift; sourceTree = "<group>"; };
		7E3DAA2B200F5D6700E1B88C /* DisclosureButton.swift */ = {isa = PBXFileReference; lastKnownFileType = sourcecode.swift; path = DisclosureButton.swift; sourceTree = "<group>"; };
		7E3DAA3C200FC1E500E1B88C /* UIViewExtentions.swift */ = {isa = PBXFileReference; lastKnownFileType = sourcecode.swift; path = UIViewExtentions.swift; sourceTree = "<group>"; };
		7E4BA0C820288B8A00C7C18A /* CenteredCell.xib */ = {isa = PBXFileReference; lastKnownFileType = file.xib; path = CenteredCell.xib; sourceTree = "<group>"; };
		7E4BA0CA20288BEC00C7C18A /* CenteredCell.swift */ = {isa = PBXFileReference; lastKnownFileType = sourcecode.swift; path = CenteredCell.swift; sourceTree = "<group>"; };
		7E4BA0CD20288DC000C7C18A /* DurationPickerViewController.swift */ = {isa = PBXFileReference; lastKnownFileType = sourcecode.swift; path = DurationPickerViewController.swift; sourceTree = "<group>"; };
		7E4BA0D02029E6E600C7C18A /* HolderView.xib */ = {isa = PBXFileReference; lastKnownFileType = file.xib; path = HolderView.xib; sourceTree = "<group>"; };
		7E4BA0D22029EAA500C7C18A /* HolderView.swift */ = {isa = PBXFileReference; lastKnownFileType = sourcecode.swift; path = HolderView.swift; sourceTree = "<group>"; };
		7E4BA0D42029F08200C7C18A /* HolderViewHandler.swift */ = {isa = PBXFileReference; lastKnownFileType = sourcecode.swift; path = HolderViewHandler.swift; sourceTree = "<group>"; };
		7E5105C3207C8B5800E0D5E4 /* ActivityStage.swift */ = {isa = PBXFileReference; lastKnownFileType = sourcecode.swift; path = ActivityStage.swift; sourceTree = "<group>"; };
		7E5105C5207C91FC00E0D5E4 /* StagesActivityCell.swift */ = {isa = PBXFileReference; lastKnownFileType = sourcecode.swift; path = StagesActivityCell.swift; sourceTree = "<group>"; };
		7E5AD2AD202ED2A800C08D77 /* CustomFeelingViewController.swift */ = {isa = PBXFileReference; lastKnownFileType = sourcecode.swift; path = CustomFeelingViewController.swift; sourceTree = "<group>"; };
		7E5AD2B02031FBEC00C08D77 /* ExerciseDescriptionViewController.swift */ = {isa = PBXFileReference; lastKnownFileType = sourcecode.swift; path = ExerciseDescriptionViewController.swift; sourceTree = "<group>"; };
		7E67E34720132BB1009E084F /* Exercise.swift */ = {isa = PBXFileReference; lastKnownFileType = sourcecode.swift; path = Exercise.swift; sourceTree = "<group>"; };
		7E85DE52203C40240052CFAA /* ExerciseDescription.swift */ = {isa = PBXFileReference; lastKnownFileType = sourcecode.swift; path = ExerciseDescription.swift; sourceTree = "<group>"; };
		7E85DE54203C4EF60052CFAA /* UserSession.swift */ = {isa = PBXFileReference; lastKnownFileType = sourcecode.swift; path = UserSession.swift; sourceTree = "<group>"; };
		7E85DE56203C6DD20052CFAA /* UserSessionHandler.swift */ = {isa = PBXFileReference; lastKnownFileType = sourcecode.swift; path = UserSessionHandler.swift; sourceTree = "<group>"; };
		7E85DE59203C7C490052CFAA /* AboutViewController.swift */ = {isa = PBXFileReference; lastKnownFileType = sourcecode.swift; path = AboutViewController.swift; sourceTree = "<group>"; };
		7E85DE5B203C80680052CFAA /* CopyLabel.swift */ = {isa = PBXFileReference; lastKnownFileType = sourcecode.swift; path = CopyLabel.swift; sourceTree = "<group>"; };
		7E9182DD20615AF0001065D1 /* NewFeelingView.xib */ = {isa = PBXFileReference; lastKnownFileType = file.xib; path = NewFeelingView.xib; sourceTree = "<group>"; };
		7E9182DF20615C5A001065D1 /* NewFeelingView.swift */ = {isa = PBXFileReference; lastKnownFileType = sourcecode.swift; path = NewFeelingView.swift; sourceTree = "<group>"; };
		7E9182E120618B39001065D1 /* FeelingsDataSrouce.swift */ = {isa = PBXFileReference; lastKnownFileType = sourcecode.swift; path = FeelingsDataSrouce.swift; sourceTree = "<group>"; };
		7E9CE5D82072B08500F5DE58 /* VideoDescriptionViewController.swift */ = {isa = PBXFileReference; lastKnownFileType = sourcecode.swift; path = VideoDescriptionViewController.swift; sourceTree = "<group>"; };
		7E9CE5DA2072B1F000F5DE58 /* DescriptionPageViewController.swift */ = {isa = PBXFileReference; lastKnownFileType = sourcecode.swift; path = DescriptionPageViewController.swift; sourceTree = "<group>"; };
		7EBA760C20655E4B003794C4 /* PackOverviewViewController.swift */ = {isa = PBXFileReference; lastKnownFileType = sourcecode.swift; path = PackOverviewViewController.swift; sourceTree = "<group>"; };
		7EBA760E20655E6D003794C4 /* PackOverviewCell.swift */ = {isa = PBXFileReference; lastKnownFileType = sourcecode.swift; path = PackOverviewCell.swift; sourceTree = "<group>"; };
		7EC1BBF220335593008DDB68 /* AfterFeeling.swift */ = {isa = PBXFileReference; lastKnownFileType = sourcecode.swift; path = AfterFeeling.swift; sourceTree = "<group>"; };
		7ECB5E50206E2A4D00A8E524 /* OnboardingPageViewController.swift */ = {isa = PBXFileReference; lastKnownFileType = sourcecode.swift; path = OnboardingPageViewController.swift; sourceTree = "<group>"; };
		7ECB5E52206E526400A8E524 /* MainCoordinator.swift */ = {isa = PBXFileReference; lastKnownFileType = sourcecode.swift; path = MainCoordinator.swift; sourceTree = "<group>"; };
		7ED5C45F206D5C3100031950 /* Onboarding.storyboard */ = {isa = PBXFileReference; lastKnownFileType = file.storyboard; path = Onboarding.storyboard; sourceTree = "<group>"; };
		7ED5C462206D62B100031950 /* IconedOnboardingViewController.swift */ = {isa = PBXFileReference; lastKnownFileType = sourcecode.swift; path = IconedOnboardingViewController.swift; sourceTree = "<group>"; };
		7ED5C464206D62D000031950 /* TextOnboardingViewController.swift */ = {isa = PBXFileReference; lastKnownFileType = sourcecode.swift; path = TextOnboardingViewController.swift; sourceTree = "<group>"; };
		7ED5C466206D62EB00031950 /* FinalOnboardingViewController.swift */ = {isa = PBXFileReference; lastKnownFileType = sourcecode.swift; path = FinalOnboardingViewController.swift; sourceTree = "<group>"; };
		7ED867AE204BCE5F00340051 /* DropDownDurationPicker.xib */ = {isa = PBXFileReference; lastKnownFileType = file.xib; path = DropDownDurationPicker.xib; sourceTree = "<group>"; };
		7ED867B0204BCF2400340051 /* DropDownDurationPicker.swift */ = {isa = PBXFileReference; lastKnownFileType = sourcecode.swift; path = DropDownDurationPicker.swift; sourceTree = "<group>"; };
		7ED867B2204BD5E000340051 /* DurationsOptionsMenuHandler.swift */ = {isa = PBXFileReference; lastKnownFileType = sourcecode.swift; path = DurationsOptionsMenuHandler.swift; sourceTree = "<group>"; };
		7EDB2E662014D16C00D77CB8 /* TimerDisplay.swift */ = {isa = PBXFileReference; lastKnownFileType = sourcecode.swift; path = TimerDisplay.swift; sourceTree = "<group>"; };
		7EDC5986200E6C4100C33DFC /* Stayt.app */ = {isa = PBXFileReference; explicitFileType = wrapper.application; includeInIndex = 0; path = Stayt.app; sourceTree = BUILT_PRODUCTS_DIR; };
		7EDC5989200E6C4100C33DFC /* AppDelegate.swift */ = {isa = PBXFileReference; lastKnownFileType = sourcecode.swift; path = AppDelegate.swift; sourceTree = "<group>"; };
		7EDC598E200E6C4100C33DFC /* Base */ = {isa = PBXFileReference; lastKnownFileType = file.storyboard; name = Base; path = Base.lproj/Main.storyboard; sourceTree = "<group>"; };
		7EDC5990200E6C4100C33DFC /* Assets.xcassets */ = {isa = PBXFileReference; lastKnownFileType = folder.assetcatalog; path = Assets.xcassets; sourceTree = "<group>"; };
		7EDC5993200E6C4100C33DFC /* Base */ = {isa = PBXFileReference; lastKnownFileType = file.storyboard; name = Base; path = Base.lproj/LaunchScreen.storyboard; sourceTree = "<group>"; };
		7EDC5995200E6C4100C33DFC /* Info.plist */ = {isa = PBXFileReference; lastKnownFileType = text.plist.xml; path = Info.plist; sourceTree = "<group>"; };
		7EDC599B200E75A400C33DFC /* MainViewController.swift */ = {isa = PBXFileReference; lastKnownFileType = sourcecode.swift; path = MainViewController.swift; sourceTree = "<group>"; };
		7EDC599E200E765C00C33DFC /* FeelingCell.swift */ = {isa = PBXFileReference; lastKnownFileType = sourcecode.swift; path = FeelingCell.swift; sourceTree = "<group>"; };
		7EDC59A1200E76E100C33DFC /* Activity.swift */ = {isa = PBXFileReference; lastKnownFileType = sourcecode.swift; path = Activity.swift; sourceTree = "<group>"; };
		7EF9690F2046CF8900EF146D /* StagesCoordinator.swift */ = {isa = PBXFileReference; lastKnownFileType = sourcecode.swift; path = StagesCoordinator.swift; sourceTree = "<group>"; };
		8191440F744E825263B66C33 /* Pods-Stayt.debug.xcconfig */ = {isa = PBXFileReference; includeInIndex = 1; lastKnownFileType = text.xcconfig; name = "Pods-Stayt.debug.xcconfig"; path = "Pods/Target Support Files/Pods-Stayt/Pods-Stayt.debug.xcconfig"; sourceTree = "<group>"; };
		EA5DB0E9332390829FAEE9FF /* Pods_Stayt.framework */ = {isa = PBXFileReference; explicitFileType = wrapper.framework; includeInIndex = 0; path = Pods_Stayt.framework; sourceTree = BUILT_PRODUCTS_DIR; };
/* End PBXFileReference section */

/* Begin PBXFrameworksBuildPhase section */
		7EDC5983200E6C4100C33DFC /* Frameworks */ = {
			isa = PBXFrameworksBuildPhase;
			buildActionMask = 2147483647;
			files = (
				39F373DC45736EB5C1570D0A /* Pods_Stayt.framework in Frameworks */,
			);
			runOnlyForDeploymentPostprocessing = 0;
		};
/* End PBXFrameworksBuildPhase section */

/* Begin PBXGroup section */
		7E05A5F420498BFF002F5648 /* CurrentPackScreen */ = {
			isa = PBXGroup;
			children = (
				7EBA760B20655E1F003794C4 /* PackOverviewScreen */,
				7E05A5F520498CB1002F5648 /* CurrentPackViewController.swift */,
				7E05A5FB2049B3A2002F5648 /* CompletedPackView */,
			);
			path = CurrentPackScreen;
			sourceTree = "<group>";
		};
		7E05A5FB2049B3A2002F5648 /* CompletedPackView */ = {
			isa = PBXGroup;
			children = (
				7E05A5F92049B1C3002F5648 /* CompletedPackView.xib */,
				7E05A5FC2049B3B1002F5648 /* CompletedPackView.swift */,
			);
			path = CompletedPackView;
			sourceTree = "<group>";
		};
		7E10A538203B06760059AEF9 /* ExerciseSection */ = {
			isa = PBXGroup;
			children = (
				7E10A53B203B06C80059AEF9 /* ExerciseSectionCollectionCell */,
				7E10A541203B08C70059AEF9 /* ExerciseSectionView */,
				7E10A542203B09400059AEF9 /* ExerciseSection.swift */,
			);
			path = ExerciseSection;
			sourceTree = "<group>";
		};
		7E10A53B203B06C80059AEF9 /* ExerciseSectionCollectionCell */ = {
			isa = PBXGroup;
			children = (
				7E10A536203B02E10059AEF9 /* ExerciseSectionCollectionCell.xib */,
				7E10A53C203B06E20059AEF9 /* ExerciseSectionCollectionCell.swift */,
			);
			path = ExerciseSectionCollectionCell;
			sourceTree = "<group>";
		};
		7E10A541203B08C70059AEF9 /* ExerciseSectionView */ = {
			isa = PBXGroup;
			children = (
				7E10A534203B02910059AEF9 /* ExerciseSectionView.xib */,
				7E10A539203B06850059AEF9 /* ExerciseSectionView.swift */,
			);
			path = ExerciseSectionView;
			sourceTree = "<group>";
		};
		7E2035E2201C83F5005A6707 /* AfterExerciseScreen */ = {
			isa = PBXGroup;
			children = (
				7E9182DC20615AE1001065D1 /* NewFeelingView */,
				7E2035E3201C841D005A6707 /* AfterExerciseViewController.swift */,
				7E9182E120618B39001065D1 /* FeelingsDataSrouce.swift */,
				7E2035E5201C8437005A6707 /* AfterExerciseCell.swift */,
				7E29EBC1205E9D19009E7B63 /* CustomFeelingCell.swift */,
				7E5AD2AD202ED2A800C08D77 /* CustomFeelingViewController.swift */,
			);
			path = AfterExerciseScreen;
			sourceTree = "<group>";
		};
		7E242174202B297200C03126 /* HistoryScreen */ = {
			isa = PBXGroup;
			children = (
				7E242175202B298800C03126 /* HistoryViewController.swift */,
				7E242182202B3E0D00C03126 /* HistoryItemCell.swift */,
				7E24217C202B2FB000C03126 /* HistoryDataSource.swift */,
			);
			path = HistoryScreen;
			sourceTree = "<group>";
		};
		7E242179202B2AF900C03126 /* EmptyView */ = {
			isa = PBXGroup;
			children = (
				7E242177202B2AC900C03126 /* EmptyView.xib */,
				7E24217A202B2B0C00C03126 /* EmptyView.swift */,
			);
			path = EmptyView;
			sourceTree = "<group>";
		};
		7E28949C20412748005D2F22 /* RestView */ = {
			isa = PBXGroup;
			children = (
				7E28949D204127C2005D2F22 /* RestView.xib */,
				7E28949F20412A93005D2F22 /* RestView.swift */,
				7E2894A12041327F005D2F22 /* RestViewHandler.swift */,
			);
			path = RestView;
			sourceTree = "<group>";
		};
		7E2C59F82037077700018536 /* SingleExerciseScreen */ = {
			isa = PBXGroup;
			children = (
				7E2C59FD2037FD6E00018536 /* SingleExerciseViewModel.swift */,
				7E2C59F9203707B000018536 /* SingleExerciseViewController.swift */,
			);
			path = SingleExerciseScreen;
			sourceTree = "<group>";
		};
		7E2C59FF20383ED100018536 /* MultipleExerciseScreen */ = {
			isa = PBXGroup;
			children = (
				7E2C5A042038426000018536 /* MultipleExerciseViewModel.swift */,
				7E2C5A0020383EE900018536 /* MultipleExerciseViewController.swift */,
				7E2C5A0220383FE300018536 /* SingleActivityCell.swift */,
				7E5105C5207C91FC00E0D5E4 /* StagesActivityCell.swift */,
			);
			path = MultipleExerciseScreen;
			sourceTree = "<group>";
		};
		7E363FED204597E0000F25A3 /* StagesPicker */ = {
			isa = PBXGroup;
			children = (
				7E363FEB2045958C000F25A3 /* StagesDurationViewController.swift */,
				7E363FEE20459807000F25A3 /* StageCell.swift */,
				7EF9690F2046CF8900EF146D /* StagesCoordinator.swift */,
			);
			path = StagesPicker;
			sourceTree = "<group>";
		};
		7E3DAA25200F579000E1B88C /* ExerciseScreen */ = {
			isa = PBXGroup;
			children = (
				7E2C59FF20383ED100018536 /* MultipleExerciseScreen */,
				7E2C59F82037077700018536 /* SingleExerciseScreen */,
				7E5AD2AF2031FBD800C08D77 /* ExerciseDescriptionScreen */,
				7E4BA0CF2029E6CC00C7C18A /* Holder */,
				7E4BA0CC20288D0700C7C18A /* DurationPicker */,
				7E2035E2201C83F5005A6707 /* AfterExerciseScreen */,
				7E3DAA33200FBEFF00E1B88C /* Views */,
				7E2035E7201C8598005A6707 /* ExerciseCoordinator.swift */,
				7E242180202B354100C03126 /* HistoryManager.swift */,
				7E2C5A06203867D300018536 /* ExerciseViewModel.swift */,
			);
			path = ExerciseScreen;
			sourceTree = "<group>";
		};
		7E3DAA2A200F5C8F00E1B88C /* Views */ = {
			isa = PBXGroup;
			children = (
				7E28949C20412748005D2F22 /* RestView */,
				7E4BA0C720288B7200C7C18A /* CenteredCell */,
				7E3DAA2B200F5D6700E1B88C /* DisclosureButton.swift */,
				7E85DE5B203C80680052CFAA /* CopyLabel.swift */,
				7ED867AD204BCE3B00340051 /* DropDownDurationPicker */,
				7E3DAA3C200FC1E500E1B88C /* UIViewExtentions.swift */,
				7E242179202B2AF900C03126 /* EmptyView */,
				7E0DB3A220768A4B002764FD /* AnimatedCircleView.swift */,
			);
			path = Views;
			sourceTree = "<group>";
		};
		7E3DAA33200FBEFF00E1B88C /* Views */ = {
			isa = PBXGroup;
			children = (
				7E3DAA28200F5A3D00E1B88C /* BorderedCircleView.swift */,
			);
			path = Views;
			sourceTree = "<group>";
		};
		7E4BA0C720288B7200C7C18A /* CenteredCell */ = {
			isa = PBXGroup;
			children = (
				7E4BA0C820288B8A00C7C18A /* CenteredCell.xib */,
				7E4BA0CA20288BEC00C7C18A /* CenteredCell.swift */,
			);
			path = CenteredCell;
			sourceTree = "<group>";
		};
		7E4BA0CC20288D0700C7C18A /* DurationPicker */ = {
			isa = PBXGroup;
			children = (
				7E4BA0CD20288DC000C7C18A /* DurationPickerViewController.swift */,
				7E363FED204597E0000F25A3 /* StagesPicker */,
			);
			path = DurationPicker;
			sourceTree = "<group>";
		};
		7E4BA0CF2029E6CC00C7C18A /* Holder */ = {
			isa = PBXGroup;
			children = (
				7E4BA0D02029E6E600C7C18A /* HolderView.xib */,
				7E4BA0D22029EAA500C7C18A /* HolderView.swift */,
				7E4BA0D42029F08200C7C18A /* HolderViewHandler.swift */,
			);
			path = Holder;
			sourceTree = "<group>";
		};
		7E5AD2AF2031FBD800C08D77 /* ExerciseDescriptionScreen */ = {
			isa = PBXGroup;
			children = (
				7E5AD2B02031FBEC00C08D77 /* ExerciseDescriptionViewController.swift */,
				7E9CE5D82072B08500F5DE58 /* VideoDescriptionViewController.swift */,
				7E9CE5DA2072B1F000F5DE58 /* DescriptionPageViewController.swift */,
			);
			path = ExerciseDescriptionScreen;
			sourceTree = "<group>";
		};
		7E85DE58203C7C2D0052CFAA /* AboutScreen */ = {
			isa = PBXGroup;
			children = (
				7E85DE59203C7C490052CFAA /* AboutViewController.swift */,
			);
			path = AboutScreen;
			sourceTree = "<group>";
		};
		7E9182DC20615AE1001065D1 /* NewFeelingView */ = {
			isa = PBXGroup;
			children = (
				7E9182DD20615AF0001065D1 /* NewFeelingView.xib */,
				7E9182DF20615C5A001065D1 /* NewFeelingView.swift */,
			);
			path = NewFeelingView;
			sourceTree = "<group>";
		};
		7EBA760B20655E1F003794C4 /* PackOverviewScreen */ = {
			isa = PBXGroup;
			children = (
				7EBA760C20655E4B003794C4 /* PackOverviewViewController.swift */,
				7EBA760E20655E6D003794C4 /* PackOverviewCell.swift */,
			);
			path = PackOverviewScreen;
			sourceTree = "<group>";
		};
		7ED5C461206D628F00031950 /* OnboardingFlow */ = {
			isa = PBXGroup;
			children = (
				7ED5C45F206D5C3100031950 /* Onboarding.storyboard */,
				7ECB5E50206E2A4D00A8E524 /* OnboardingPageViewController.swift */,
				7ED5C462206D62B100031950 /* IconedOnboardingViewController.swift */,
				7ED5C464206D62D000031950 /* TextOnboardingViewController.swift */,
				7ED5C466206D62EB00031950 /* FinalOnboardingViewController.swift */,
			);
			path = OnboardingFlow;
			sourceTree = "<group>";
		};
		7ED867AD204BCE3B00340051 /* DropDownDurationPicker */ = {
			isa = PBXGroup;
			children = (
				7ED867AE204BCE5F00340051 /* DropDownDurationPicker.xib */,
				7ED867B0204BCF2400340051 /* DropDownDurationPicker.swift */,
				7ED867B2204BD5E000340051 /* DurationsOptionsMenuHandler.swift */,
			);
			path = DropDownDurationPicker;
			sourceTree = "<group>";
		};
		7EDB2E652014D13700D77CB8 /* Helpers */ = {
			isa = PBXGroup;
			children = (
				7EDB2E662014D16C00D77CB8 /* TimerDisplay.swift */,
				7E10A532203AC6FA0059AEF9 /* Colors.swift */,
				7E85DE52203C40240052CFAA /* ExerciseDescription.swift */,
				7E85DE56203C6DD20052CFAA /* UserSessionHandler.swift */,
			);
			path = Helpers;
			sourceTree = "<group>";
		};
		7EDB2E682014D78700D77CB8 /* Sounds */ = {
			isa = PBXGroup;
			children = (
				7E2035E0201C7FD4005A6707 /* meditationBell.mp3 */,
				7E366B8D203DD9CE00A2297F /* empty.mp3 */,
			);
			path = Sounds;
			sourceTree = "<group>";
		};
		7EDC597D200E6C4100C33DFC = {
			isa = PBXGroup;
			children = (
				7EDC5988200E6C4100C33DFC /* Stayt */,
				7EDC5987200E6C4100C33DFC /* Products */,
				D4671386C340782FF5ABE350 /* Pods */,
				892D8F3F92C809DC2BDA48AF /* Frameworks */,
			);
			sourceTree = "<group>";
		};
		7EDC5987200E6C4100C33DFC /* Products */ = {
			isa = PBXGroup;
			children = (
				7EDC5986200E6C4100C33DFC /* Stayt.app */,
			);
			name = Products;
			sourceTree = "<group>";
		};
		7EDC5988200E6C4100C33DFC /* Stayt */ = {
			isa = PBXGroup;
			children = (
				7ED5C461206D628F00031950 /* OnboardingFlow */,
				7EDC598D200E6C4100C33DFC /* Main.storyboard */,
				7E242174202B297200C03126 /* HistoryScreen */,
				7EDB2E682014D78700D77CB8 /* Sounds */,
				7EDB2E652014D13700D77CB8 /* Helpers */,
				7E3DAA2A200F5C8F00E1B88C /* Views */,
				7E3DAA25200F579000E1B88C /* ExerciseScreen */,
				7EDC59A0200E76D000C33DFC /* Models */,
				7EDC599D200E764100C33DFC /* MainScreen */,
				7E05A5F420498BFF002F5648 /* CurrentPackScreen */,
				7EDC5990200E6C4100C33DFC /* Assets.xcassets */,
				7EDC5989200E6C4100C33DFC /* AppDelegate.swift */,
				7ECB5E52206E526400A8E524 /* MainCoordinator.swift */,
				7EDC5992200E6C4100C33DFC /* LaunchScreen.storyboard */,
				7EDC5995200E6C4100C33DFC /* Info.plist */,
			);
			path = Stayt;
			sourceTree = "<group>";
		};
		7EDC599D200E764100C33DFC /* MainScreen */ = {
			isa = PBXGroup;
			children = (
				7E85DE58203C7C2D0052CFAA /* AboutScreen */,
				7EDC599B200E75A400C33DFC /* MainViewController.swift */,
				7EDC599E200E765C00C33DFC /* FeelingCell.swift */,
				7E10A538203B06760059AEF9 /* ExerciseSection */,
				7E10A544203B0A5C0059AEF9 /* BaseViewController.swift */,
				7E363FE9204586DB000F25A3 /* ExerciseDataSource.swift */,
			);
			path = MainScreen;
			sourceTree = "<group>";
		};
		7EDC59A0200E76D000C33DFC /* Models */ = {
			isa = PBXGroup;
			children = (
				7E24217E202B2FC800C03126 /* HistoryItem.swift */,
				7EDC59A1200E76E100C33DFC /* Activity.swift */,
				7E5105C3207C8B5800E0D5E4 /* ActivityStage.swift */,
				7E67E34720132BB1009E084F /* Exercise.swift */,
				7EC1BBF220335593008DDB68 /* AfterFeeling.swift */,
				7E85DE54203C4EF60052CFAA /* UserSession.swift */,
				7E05A5F7204990F0002F5648 /* ExercisePack.swift */,
			);
			path = Models;
			sourceTree = "<group>";
		};
		892D8F3F92C809DC2BDA48AF /* Frameworks */ = {
			isa = PBXGroup;
			children = (
				EA5DB0E9332390829FAEE9FF /* Pods_Stayt.framework */,
			);
			name = Frameworks;
			sourceTree = "<group>";
		};
		D4671386C340782FF5ABE350 /* Pods */ = {
			isa = PBXGroup;
			children = (
				8191440F744E825263B66C33 /* Pods-Stayt.debug.xcconfig */,
				229C7D958619E0AD4C165330 /* Pods-Stayt.release.xcconfig */,
			);
			name = Pods;
			sourceTree = "<group>";
		};
/* End PBXGroup section */

/* Begin PBXNativeTarget section */
		7EDC5985200E6C4100C33DFC /* Stayt */ = {
			isa = PBXNativeTarget;
			buildConfigurationList = 7EDC5998200E6C4100C33DFC /* Build configuration list for PBXNativeTarget "Stayt" */;
			buildPhases = (
				AA2F64054973A5B491194C01 /* [CP] Check Pods Manifest.lock */,
				7EDC5982200E6C4100C33DFC /* Sources */,
				7EDC5983200E6C4100C33DFC /* Frameworks */,
				7EDC5984200E6C4100C33DFC /* Resources */,
				70BB4618CCA824C2CF59CDEA /* [CP] Embed Pods Frameworks */,
				B7170D8F31683C452400B244 /* [CP] Copy Pods Resources */,
			);
			buildRules = (
			);
			dependencies = (
			);
			name = Stayt;
			productName = Stayt;
			productReference = 7EDC5986200E6C4100C33DFC /* Stayt.app */;
			productType = "com.apple.product-type.application";
		};
/* End PBXNativeTarget section */

/* Begin PBXProject section */
		7EDC597E200E6C4100C33DFC /* Project object */ = {
			isa = PBXProject;
			attributes = {
				LastSwiftUpdateCheck = 0920;
				LastUpgradeCheck = 0920;
				ORGANIZATIONNAME = "Владимир Мельников";
				TargetAttributes = {
					7EDC5985200E6C4100C33DFC = {
						CreatedOnToolsVersion = 9.2;
						ProvisioningStyle = Automatic;
						SystemCapabilities = {
							com.apple.BackgroundModes = {
								enabled = 1;
							};
						};
					};
				};
			};
			buildConfigurationList = 7EDC5981200E6C4100C33DFC /* Build configuration list for PBXProject "Stayt" */;
			compatibilityVersion = "Xcode 8.0";
			developmentRegion = en;
			hasScannedForEncodings = 0;
			knownRegions = (
				en,
				Base,
			);
			mainGroup = 7EDC597D200E6C4100C33DFC;
			productRefGroup = 7EDC5987200E6C4100C33DFC /* Products */;
			projectDirPath = "";
			projectRoot = "";
			targets = (
				7EDC5985200E6C4100C33DFC /* Stayt */,
			);
		};
/* End PBXProject section */

/* Begin PBXResourcesBuildPhase section */
		7EDC5984200E6C4100C33DFC /* Resources */ = {
			isa = PBXResourcesBuildPhase;
			buildActionMask = 2147483647;
			files = (
				7E9182DE20615AF0001065D1 /* NewFeelingView.xib in Resources */,
				7EDC5994200E6C4100C33DFC /* LaunchScreen.storyboard in Resources */,
				7E2035E1201C7FD4005A6707 /* meditationBell.mp3 in Resources */,
				7E4BA0C920288B8A00C7C18A /* CenteredCell.xib in Resources */,
				7E242178202B2AC900C03126 /* EmptyView.xib in Resources */,
				7E05A5FA2049B1C3002F5648 /* CompletedPackView.xib in Resources */,
				7ED5C460206D5C3100031950 /* Onboarding.storyboard in Resources */,
				7E10A535203B02910059AEF9 /* ExerciseSectionView.xib in Resources */,
				7EDC5991200E6C4100C33DFC /* Assets.xcassets in Resources */,
				7E28949E204127C2005D2F22 /* RestView.xib in Resources */,
				7EDC598F200E6C4100C33DFC /* Main.storyboard in Resources */,
				7ED867AF204BCE5F00340051 /* DropDownDurationPicker.xib in Resources */,
				7E10A537203B02E10059AEF9 /* ExerciseSectionCollectionCell.xib in Resources */,
				7E4BA0D12029E6E600C7C18A /* HolderView.xib in Resources */,
				7E366B8E203DD9CF00A2297F /* empty.mp3 in Resources */,
			);
			runOnlyForDeploymentPostprocessing = 0;
		};
/* End PBXResourcesBuildPhase section */

/* Begin PBXShellScriptBuildPhase section */
		70BB4618CCA824C2CF59CDEA /* [CP] Embed Pods Frameworks */ = {
			isa = PBXShellScriptBuildPhase;
			buildActionMask = 2147483647;
			files = (
			);
			inputPaths = (
				"${SRCROOT}/Pods/Target Support Files/Pods-Stayt/Pods-Stayt-frameworks.sh",
				"${BUILT_PRODUCTS_DIR}/Realm/Realm.framework",
				"${BUILT_PRODUCTS_DIR}/RealmSwift/RealmSwift.framework",
			);
			name = "[CP] Embed Pods Frameworks";
			outputPaths = (
				"${TARGET_BUILD_DIR}/${FRAMEWORKS_FOLDER_PATH}/Realm.framework",
				"${TARGET_BUILD_DIR}/${FRAMEWORKS_FOLDER_PATH}/RealmSwift.framework",
			);
			runOnlyForDeploymentPostprocessing = 0;
			shellPath = /bin/sh;
			shellScript = "\"${SRCROOT}/Pods/Target Support Files/Pods-Stayt/Pods-Stayt-frameworks.sh\"\n";
			showEnvVarsInLog = 0;
		};
		AA2F64054973A5B491194C01 /* [CP] Check Pods Manifest.lock */ = {
			isa = PBXShellScriptBuildPhase;
			buildActionMask = 2147483647;
			files = (
			);
			inputPaths = (
				"${PODS_PODFILE_DIR_PATH}/Podfile.lock",
				"${PODS_ROOT}/Manifest.lock",
			);
			name = "[CP] Check Pods Manifest.lock";
			outputPaths = (
				"$(DERIVED_FILE_DIR)/Pods-Stayt-checkManifestLockResult.txt",
			);
			runOnlyForDeploymentPostprocessing = 0;
			shellPath = /bin/sh;
			shellScript = "diff \"${PODS_PODFILE_DIR_PATH}/Podfile.lock\" \"${PODS_ROOT}/Manifest.lock\" > /dev/null\nif [ $? != 0 ] ; then\n    # print error to STDERR\n    echo \"error: The sandbox is not in sync with the Podfile.lock. Run 'pod install' or update your CocoaPods installation.\" >&2\n    exit 1\nfi\n# This output is used by Xcode 'outputs' to avoid re-running this script phase.\necho \"SUCCESS\" > \"${SCRIPT_OUTPUT_FILE_0}\"\n";
			showEnvVarsInLog = 0;
		};
		B7170D8F31683C452400B244 /* [CP] Copy Pods Resources */ = {
			isa = PBXShellScriptBuildPhase;
			buildActionMask = 2147483647;
			files = (
			);
			inputPaths = (
			);
			name = "[CP] Copy Pods Resources";
			outputPaths = (
			);
			runOnlyForDeploymentPostprocessing = 0;
			shellPath = /bin/sh;
			shellScript = "\"${SRCROOT}/Pods/Target Support Files/Pods-Stayt/Pods-Stayt-resources.sh\"\n";
			showEnvVarsInLog = 0;
		};
/* End PBXShellScriptBuildPhase section */

/* Begin PBXSourcesBuildPhase section */
		7EDC5982200E6C4100C33DFC /* Sources */ = {
			isa = PBXSourcesBuildPhase;
			buildActionMask = 2147483647;
			files = (
				7E242183202B3E0D00C03126 /* HistoryItemCell.swift in Sources */,
				7ED5C463206D62B100031950 /* IconedOnboardingViewController.swift in Sources */,
				7E10A533203AC6FA0059AEF9 /* Colors.swift in Sources */,
				7E2035E4201C841D005A6707 /* AfterExerciseViewController.swift in Sources */,
				7E4BA0CE20288DC000C7C18A /* DurationPickerViewController.swift in Sources */,
				7ED867B1204BCF2400340051 /* DropDownDurationPicker.swift in Sources */,
				7E363FEA204586DB000F25A3 /* ExerciseDataSource.swift in Sources */,
				7E85DE57203C6DD20052CFAA /* UserSessionHandler.swift in Sources */,
				7E2C59FA203707B000018536 /* SingleExerciseViewController.swift in Sources */,
				7E3DAA2C200F5D6700E1B88C /* DisclosureButton.swift in Sources */,
				7E24217B202B2B0C00C03126 /* EmptyView.swift in Sources */,
				7E4BA0CB20288BEC00C7C18A /* CenteredCell.swift in Sources */,
				7E2C5A0320383FE300018536 /* SingleActivityCell.swift in Sources */,
				7E242181202B354100C03126 /* HistoryManager.swift in Sources */,
				7E5AD2AE202ED2A800C08D77 /* CustomFeelingViewController.swift in Sources */,
				7E10A545203B0A5C0059AEF9 /* BaseViewController.swift in Sources */,
				7E85DE5C203C80680052CFAA /* CopyLabel.swift in Sources */,
				7EBA760D20655E4B003794C4 /* PackOverviewViewController.swift in Sources */,
				7E242176202B298800C03126 /* HistoryViewController.swift in Sources */,
				7E05A5F620498CB1002F5648 /* CurrentPackViewController.swift in Sources */,
				7EDC599F200E765C00C33DFC /* FeelingCell.swift in Sources */,
				7E9CE5D92072B08500F5DE58 /* VideoDescriptionViewController.swift in Sources */,
				7EC1BBF320335593008DDB68 /* AfterFeeling.swift in Sources */,
				7E10A53A203B06850059AEF9 /* ExerciseSectionView.swift in Sources */,
				7E3DAA29200F5A3D00E1B88C /* BorderedCircleView.swift in Sources */,
				7E2C5A0120383EEA00018536 /* MultipleExerciseViewController.swift in Sources */,
				7EBA760F20655E6D003794C4 /* PackOverviewCell.swift in Sources */,
				7E363FEF20459807000F25A3 /* StageCell.swift in Sources */,
				7E05A5FD2049B3B1002F5648 /* CompletedPackView.swift in Sources */,
				7E29EBC2205E9D19009E7B63 /* CustomFeelingCell.swift in Sources */,
				7E2C5A052038426000018536 /* MultipleExerciseViewModel.swift in Sources */,
				7E10A53D203B06E20059AEF9 /* ExerciseSectionCollectionCell.swift in Sources */,
				7E0DB3A320768A4B002764FD /* AnimatedCircleView.swift in Sources */,
				7E5AD2B12031FBEC00C08D77 /* ExerciseDescriptionViewController.swift in Sources */,
				7E3DAA3D200FC1E500E1B88C /* UIViewExtentions.swift in Sources */,
				7E85DE53203C40240052CFAA /* ExerciseDescription.swift in Sources */,
				7EDB2E672014D16C00D77CB8 /* TimerDisplay.swift in Sources */,
				7E85DE55203C4EF60052CFAA /* UserSession.swift in Sources */,
				7ED867B3204BD5E000340051 /* DurationsOptionsMenuHandler.swift in Sources */,
				7E9182E020615C5A001065D1 /* NewFeelingView.swift in Sources */,
				7E4BA0D32029EAA500C7C18A /* HolderView.swift in Sources */,
				7ECB5E51206E2A4D00A8E524 /* OnboardingPageViewController.swift in Sources */,
				7E24217D202B2FB000C03126 /* HistoryDataSource.swift in Sources */,
				7E363FEC2045958C000F25A3 /* StagesDurationViewController.swift in Sources */,
				7E2894A020412A93005D2F22 /* RestView.swift in Sources */,
				7ED5C467206D62EB00031950 /* FinalOnboardingViewController.swift in Sources */,
				7E10A543203B09400059AEF9 /* ExerciseSection.swift in Sources */,
				7E5105C4207C8B5800E0D5E4 /* ActivityStage.swift in Sources */,
				7E9CE5DB2072B1F000F5DE58 /* DescriptionPageViewController.swift in Sources */,
				7E2C59FE2037FD6E00018536 /* SingleExerciseViewModel.swift in Sources */,
				7E2035E8201C8598005A6707 /* ExerciseCoordinator.swift in Sources */,
				7E05A5F8204990F0002F5648 /* ExercisePack.swift in Sources */,
				7EDC598A200E6C4100C33DFC /* AppDelegate.swift in Sources */,
				7E24217F202B2FC800C03126 /* HistoryItem.swift in Sources */,
				7E85DE5A203C7C490052CFAA /* AboutViewController.swift in Sources */,
				7E5105C6207C91FC00E0D5E4 /* StagesActivityCell.swift in Sources */,
				7ECB5E53206E526400A8E524 /* MainCoordinator.swift in Sources */,
				7E67E34820132BB1009E084F /* Exercise.swift in Sources */,
				7E2C5A07203867D300018536 /* ExerciseViewModel.swift in Sources */,
				7E2035E6201C8437005A6707 /* AfterExerciseCell.swift in Sources */,
				7EDC59A2200E76E100C33DFC /* Activity.swift in Sources */,
				7E4BA0D52029F08200C7C18A /* HolderViewHandler.swift in Sources */,
				7EF969102046CF8900EF146D /* StagesCoordinator.swift in Sources */,
				7E9182E220618B39001065D1 /* FeelingsDataSrouce.swift in Sources */,
				7EDC599C200E75A400C33DFC /* MainViewController.swift in Sources */,
				7E2894A22041327F005D2F22 /* RestViewHandler.swift in Sources */,
				7ED5C465206D62D000031950 /* TextOnboardingViewController.swift in Sources */,
			);
			runOnlyForDeploymentPostprocessing = 0;
		};
/* End PBXSourcesBuildPhase section */

/* Begin PBXVariantGroup section */
		7EDC598D200E6C4100C33DFC /* Main.storyboard */ = {
			isa = PBXVariantGroup;
			children = (
				7EDC598E200E6C4100C33DFC /* Base */,
			);
			name = Main.storyboard;
			sourceTree = "<group>";
		};
		7EDC5992200E6C4100C33DFC /* LaunchScreen.storyboard */ = {
			isa = PBXVariantGroup;
			children = (
				7EDC5993200E6C4100C33DFC /* Base */,
			);
			name = LaunchScreen.storyboard;
			sourceTree = "<group>";
		};
/* End PBXVariantGroup section */

/* Begin XCBuildConfiguration section */
		7EDC5996200E6C4100C33DFC /* Debug */ = {
			isa = XCBuildConfiguration;
			buildSettings = {
				ALWAYS_SEARCH_USER_PATHS = NO;
				CLANG_ANALYZER_NONNULL = YES;
				CLANG_ANALYZER_NUMBER_OBJECT_CONVERSION = YES_AGGRESSIVE;
				CLANG_CXX_LANGUAGE_STANDARD = "gnu++14";
				CLANG_CXX_LIBRARY = "libc++";
				CLANG_ENABLE_MODULES = YES;
				CLANG_ENABLE_OBJC_ARC = YES;
				CLANG_WARN_BLOCK_CAPTURE_AUTORELEASING = YES;
				CLANG_WARN_BOOL_CONVERSION = YES;
				CLANG_WARN_COMMA = YES;
				CLANG_WARN_CONSTANT_CONVERSION = YES;
				CLANG_WARN_DIRECT_OBJC_ISA_USAGE = YES_ERROR;
				CLANG_WARN_DOCUMENTATION_COMMENTS = YES;
				CLANG_WARN_EMPTY_BODY = YES;
				CLANG_WARN_ENUM_CONVERSION = YES;
				CLANG_WARN_INFINITE_RECURSION = YES;
				CLANG_WARN_INT_CONVERSION = YES;
				CLANG_WARN_NON_LITERAL_NULL_CONVERSION = YES;
				CLANG_WARN_OBJC_LITERAL_CONVERSION = YES;
				CLANG_WARN_OBJC_ROOT_CLASS = YES_ERROR;
				CLANG_WARN_RANGE_LOOP_ANALYSIS = YES;
				CLANG_WARN_STRICT_PROTOTYPES = YES;
				CLANG_WARN_SUSPICIOUS_MOVE = YES;
				CLANG_WARN_UNGUARDED_AVAILABILITY = YES_AGGRESSIVE;
				CLANG_WARN_UNREACHABLE_CODE = YES;
				CLANG_WARN__DUPLICATE_METHOD_MATCH = YES;
				CODE_SIGN_IDENTITY = "iPhone Developer";
				COPY_PHASE_STRIP = NO;
				DEBUG_INFORMATION_FORMAT = dwarf;
				ENABLE_STRICT_OBJC_MSGSEND = YES;
				ENABLE_TESTABILITY = YES;
				GCC_C_LANGUAGE_STANDARD = gnu11;
				GCC_DYNAMIC_NO_PIC = NO;
				GCC_NO_COMMON_BLOCKS = YES;
				GCC_OPTIMIZATION_LEVEL = 0;
				GCC_PREPROCESSOR_DEFINITIONS = (
					"DEBUG=1",
					"$(inherited)",
				);
				GCC_WARN_64_TO_32_BIT_CONVERSION = YES;
				GCC_WARN_ABOUT_RETURN_TYPE = YES_ERROR;
				GCC_WARN_UNDECLARED_SELECTOR = YES;
				GCC_WARN_UNINITIALIZED_AUTOS = YES_AGGRESSIVE;
				GCC_WARN_UNUSED_FUNCTION = YES;
				GCC_WARN_UNUSED_VARIABLE = YES;
				IPHONEOS_DEPLOYMENT_TARGET = 9.0;
				MTL_ENABLE_DEBUG_INFO = YES;
				ONLY_ACTIVE_ARCH = YES;
				SDKROOT = iphoneos;
				SWIFT_ACTIVE_COMPILATION_CONDITIONS = DEBUG;
				SWIFT_OPTIMIZATION_LEVEL = "-Onone";
			};
			name = Debug;
		};
		7EDC5997200E6C4100C33DFC /* Release */ = {
			isa = XCBuildConfiguration;
			buildSettings = {
				ALWAYS_SEARCH_USER_PATHS = NO;
				CLANG_ANALYZER_NONNULL = YES;
				CLANG_ANALYZER_NUMBER_OBJECT_CONVERSION = YES_AGGRESSIVE;
				CLANG_CXX_LANGUAGE_STANDARD = "gnu++14";
				CLANG_CXX_LIBRARY = "libc++";
				CLANG_ENABLE_MODULES = YES;
				CLANG_ENABLE_OBJC_ARC = YES;
				CLANG_WARN_BLOCK_CAPTURE_AUTORELEASING = YES;
				CLANG_WARN_BOOL_CONVERSION = YES;
				CLANG_WARN_COMMA = YES;
				CLANG_WARN_CONSTANT_CONVERSION = YES;
				CLANG_WARN_DIRECT_OBJC_ISA_USAGE = YES_ERROR;
				CLANG_WARN_DOCUMENTATION_COMMENTS = YES;
				CLANG_WARN_EMPTY_BODY = YES;
				CLANG_WARN_ENUM_CONVERSION = YES;
				CLANG_WARN_INFINITE_RECURSION = YES;
				CLANG_WARN_INT_CONVERSION = YES;
				CLANG_WARN_NON_LITERAL_NULL_CONVERSION = YES;
				CLANG_WARN_OBJC_LITERAL_CONVERSION = YES;
				CLANG_WARN_OBJC_ROOT_CLASS = YES_ERROR;
				CLANG_WARN_RANGE_LOOP_ANALYSIS = YES;
				CLANG_WARN_STRICT_PROTOTYPES = YES;
				CLANG_WARN_SUSPICIOUS_MOVE = YES;
				CLANG_WARN_UNGUARDED_AVAILABILITY = YES_AGGRESSIVE;
				CLANG_WARN_UNREACHABLE_CODE = YES;
				CLANG_WARN__DUPLICATE_METHOD_MATCH = YES;
				CODE_SIGN_IDENTITY = "iPhone Developer";
				COPY_PHASE_STRIP = NO;
				DEBUG_INFORMATION_FORMAT = "dwarf-with-dsym";
				ENABLE_NS_ASSERTIONS = NO;
				ENABLE_STRICT_OBJC_MSGSEND = YES;
				GCC_C_LANGUAGE_STANDARD = gnu11;
				GCC_NO_COMMON_BLOCKS = YES;
				GCC_WARN_64_TO_32_BIT_CONVERSION = YES;
				GCC_WARN_ABOUT_RETURN_TYPE = YES_ERROR;
				GCC_WARN_UNDECLARED_SELECTOR = YES;
				GCC_WARN_UNINITIALIZED_AUTOS = YES_AGGRESSIVE;
				GCC_WARN_UNUSED_FUNCTION = YES;
				GCC_WARN_UNUSED_VARIABLE = YES;
				IPHONEOS_DEPLOYMENT_TARGET = 9.0;
				MTL_ENABLE_DEBUG_INFO = NO;
				SDKROOT = iphoneos;
				SWIFT_OPTIMIZATION_LEVEL = "-Owholemodule";
				VALIDATE_PRODUCT = YES;
			};
			name = Release;
		};
		7EDC5999200E6C4100C33DFC /* Debug */ = {
			isa = XCBuildConfiguration;
			baseConfigurationReference = 8191440F744E825263B66C33 /* Pods-Stayt.debug.xcconfig */;
			buildSettings = {
				ASSETCATALOG_COMPILER_APPICON_NAME = AppIcon;
				CODE_SIGN_STYLE = Automatic;
				DEVELOPMENT_TEAM = 53R9KY4U3K;
				INFOPLIST_FILE = Stayt/Info.plist;
				LD_RUNPATH_SEARCH_PATHS = "$(inherited) @executable_path/Frameworks";
				PRODUCT_BUNDLE_IDENTIFIER = sttt.Stayt;
				PRODUCT_NAME = "$(TARGET_NAME)";
				SWIFT_VERSION = 4.0;
				TARGETED_DEVICE_FAMILY = "1,2";
			};
			name = Debug;
		};
		7EDC599A200E6C4100C33DFC /* Release */ = {
			isa = XCBuildConfiguration;
			baseConfigurationReference = 229C7D958619E0AD4C165330 /* Pods-Stayt.release.xcconfig */;
			buildSettings = {
				ASSETCATALOG_COMPILER_APPICON_NAME = AppIcon;
				CODE_SIGN_STYLE = Automatic;
				DEVELOPMENT_TEAM = 53R9KY4U3K;
				INFOPLIST_FILE = Stayt/Info.plist;
				LD_RUNPATH_SEARCH_PATHS = "$(inherited) @executable_path/Frameworks";
				PRODUCT_BUNDLE_IDENTIFIER = sttt.Stayt;
				PRODUCT_NAME = "$(TARGET_NAME)";
				SWIFT_VERSION = 4.0;
				TARGETED_DEVICE_FAMILY = "1,2";
			};
			name = Release;
		};
/* End XCBuildConfiguration section */

/* Begin XCConfigurationList section */
		7EDC5981200E6C4100C33DFC /* Build configuration list for PBXProject "Stayt" */ = {
			isa = XCConfigurationList;
			buildConfigurations = (
				7EDC5996200E6C4100C33DFC /* Debug */,
				7EDC5997200E6C4100C33DFC /* Release */,
			);
			defaultConfigurationIsVisible = 0;
			defaultConfigurationName = Release;
		};
		7EDC5998200E6C4100C33DFC /* Build configuration list for PBXNativeTarget "Stayt" */ = {
			isa = XCConfigurationList;
			buildConfigurations = (
				7EDC5999200E6C4100C33DFC /* Debug */,
				7EDC599A200E6C4100C33DFC /* Release */,
			);
			defaultConfigurationIsVisible = 0;
			defaultConfigurationName = Release;
		};
/* End XCConfigurationList section */
	};
	rootObject = 7EDC597E200E6C4100C33DFC /* Project object */;
}
