// !$*UTF8*$!
{
	archiveVersion = 1;
	classes = {
	};
	objectVersion = 48;
	objects = {

/* Begin PBXBuildFile section */
		7E3DAA27200F57C800E1B88C /* ExerciseViewController.swift in Sources */ = {isa = PBXBuildFile; fileRef = 7E3DAA26200F57C800E1B88C /* ExerciseViewController.swift */; };
		7E3DAA29200F5A3D00E1B88C /* BorderedCircleView.swift in Sources */ = {isa = PBXBuildFile; fileRef = 7E3DAA28200F5A3D00E1B88C /* BorderedCircleView.swift */; };
		7E3DAA2C200F5D6700E1B88C /* DisclosureButton.swift in Sources */ = {isa = PBXBuildFile; fileRef = 7E3DAA2B200F5D6700E1B88C /* DisclosureButton.swift */; };
		7E3DAA2E200F5F9900E1B88C /* DropDownMenuHandler.swift in Sources */ = {isa = PBXBuildFile; fileRef = 7E3DAA2D200F5F9900E1B88C /* DropDownMenuHandler.swift */; };
		7EDC598A200E6C4100C33DFC /* AppDelegate.swift in Sources */ = {isa = PBXBuildFile; fileRef = 7EDC5989200E6C4100C33DFC /* AppDelegate.swift */; };
		7EDC598F200E6C4100C33DFC /* Main.storyboard in Resources */ = {isa = PBXBuildFile; fileRef = 7EDC598D200E6C4100C33DFC /* Main.storyboard */; };
		7EDC5991200E6C4100C33DFC /* Assets.xcassets in Resources */ = {isa = PBXBuildFile; fileRef = 7EDC5990200E6C4100C33DFC /* Assets.xcassets */; };
		7EDC5994200E6C4100C33DFC /* LaunchScreen.storyboard in Resources */ = {isa = PBXBuildFile; fileRef = 7EDC5992200E6C4100C33DFC /* LaunchScreen.storyboard */; };
		7EDC599C200E75A400C33DFC /* MainViewController.swift in Sources */ = {isa = PBXBuildFile; fileRef = 7EDC599B200E75A400C33DFC /* MainViewController.swift */; };
		7EDC599F200E765C00C33DFC /* FeelingCell.swift in Sources */ = {isa = PBXBuildFile; fileRef = 7EDC599E200E765C00C33DFC /* FeelingCell.swift */; };
		7EDC59A2200E76E100C33DFC /* Feeling.swift in Sources */ = {isa = PBXBuildFile; fileRef = 7EDC59A1200E76E100C33DFC /* Feeling.swift */; };
/* End PBXBuildFile section */

/* Begin PBXFileReference section */
		7E3DAA26200F57C800E1B88C /* ExerciseViewController.swift */ = {isa = PBXFileReference; lastKnownFileType = sourcecode.swift; path = ExerciseViewController.swift; sourceTree = "<group>"; };
		7E3DAA28200F5A3D00E1B88C /* BorderedCircleView.swift */ = {isa = PBXFileReference; lastKnownFileType = sourcecode.swift; path = BorderedCircleView.swift; sourceTree = "<group>"; };
		7E3DAA2B200F5D6700E1B88C /* DisclosureButton.swift */ = {isa = PBXFileReference; lastKnownFileType = sourcecode.swift; path = DisclosureButton.swift; sourceTree = "<group>"; };
		7E3DAA2D200F5F9900E1B88C /* DropDownMenuHandler.swift */ = {isa = PBXFileReference; lastKnownFileType = sourcecode.swift; path = DropDownMenuHandler.swift; sourceTree = "<group>"; };
		7EDC5986200E6C4100C33DFC /* Stayt.app */ = {isa = PBXFileReference; explicitFileType = wrapper.application; includeInIndex = 0; path = Stayt.app; sourceTree = BUILT_PRODUCTS_DIR; };
		7EDC5989200E6C4100C33DFC /* AppDelegate.swift */ = {isa = PBXFileReference; lastKnownFileType = sourcecode.swift; path = AppDelegate.swift; sourceTree = "<group>"; };
		7EDC598E200E6C4100C33DFC /* Base */ = {isa = PBXFileReference; lastKnownFileType = file.storyboard; name = Base; path = Base.lproj/Main.storyboard; sourceTree = "<group>"; };
		7EDC5990200E6C4100C33DFC /* Assets.xcassets */ = {isa = PBXFileReference; lastKnownFileType = folder.assetcatalog; path = Assets.xcassets; sourceTree = "<group>"; };
		7EDC5993200E6C4100C33DFC /* Base */ = {isa = PBXFileReference; lastKnownFileType = file.storyboard; name = Base; path = Base.lproj/LaunchScreen.storyboard; sourceTree = "<group>"; };
		7EDC5995200E6C4100C33DFC /* Info.plist */ = {isa = PBXFileReference; lastKnownFileType = text.plist.xml; path = Info.plist; sourceTree = "<group>"; };
		7EDC599B200E75A400C33DFC /* MainViewController.swift */ = {isa = PBXFileReference; lastKnownFileType = sourcecode.swift; path = MainViewController.swift; sourceTree = "<group>"; };
		7EDC599E200E765C00C33DFC /* FeelingCell.swift */ = {isa = PBXFileReference; lastKnownFileType = sourcecode.swift; path = FeelingCell.swift; sourceTree = "<group>"; };
		7EDC59A1200E76E100C33DFC /* Feeling.swift */ = {isa = PBXFileReference; lastKnownFileType = sourcecode.swift; path = Feeling.swift; sourceTree = "<group>"; };
/* End PBXFileReference section */

/* Begin PBXFrameworksBuildPhase section */
		7EDC5983200E6C4100C33DFC /* Frameworks */ = {
			isa = PBXFrameworksBuildPhase;
			buildActionMask = 2147483647;
			files = (
			);
			runOnlyForDeploymentPostprocessing = 0;
		};
/* End PBXFrameworksBuildPhase section */

/* Begin PBXGroup section */
		7E3DAA25200F579000E1B88C /* ExerciseScreen */ = {
			isa = PBXGroup;
			children = (
				7E3DAA26200F57C800E1B88C /* ExerciseViewController.swift */,
				7E3DAA28200F5A3D00E1B88C /* BorderedCircleView.swift */,
			);
			path = ExerciseScreen;
			sourceTree = "<group>";
		};
		7E3DAA2A200F5C8F00E1B88C /* Views */ = {
			isa = PBXGroup;
			children = (
				7E3DAA2B200F5D6700E1B88C /* DisclosureButton.swift */,
				7E3DAA2D200F5F9900E1B88C /* DropDownMenuHandler.swift */,
			);
			path = Views;
			sourceTree = "<group>";
		};
		7EDC597D200E6C4100C33DFC = {
			isa = PBXGroup;
			children = (
				7EDC5988200E6C4100C33DFC /* Stayt */,
				7EDC5987200E6C4100C33DFC /* Products */,
			);
			sourceTree = "<group>";
		};
		7EDC5987200E6C4100C33DFC /* Products */ = {
			isa = PBXGroup;
			children = (
				7EDC5986200E6C4100C33DFC /* Stayt.app */,
			);
			name = Products;
			sourceTree = "<group>";
		};
		7EDC5988200E6C4100C33DFC /* Stayt */ = {
			isa = PBXGroup;
			children = (
				7E3DAA2A200F5C8F00E1B88C /* Views */,
				7E3DAA25200F579000E1B88C /* ExerciseScreen */,
				7EDC59A0200E76D000C33DFC /* Models */,
				7EDC598D200E6C4100C33DFC /* Main.storyboard */,
				7EDC599D200E764100C33DFC /* MainScreen */,
				7EDC5990200E6C4100C33DFC /* Assets.xcassets */,
				7EDC5989200E6C4100C33DFC /* AppDelegate.swift */,
				7EDC5992200E6C4100C33DFC /* LaunchScreen.storyboard */,
				7EDC5995200E6C4100C33DFC /* Info.plist */,
			);
			path = Stayt;
			sourceTree = "<group>";
		};
		7EDC599D200E764100C33DFC /* MainScreen */ = {
			isa = PBXGroup;
			children = (
				7EDC599B200E75A400C33DFC /* MainViewController.swift */,
				7EDC599E200E765C00C33DFC /* FeelingCell.swift */,
			);
			path = MainScreen;
			sourceTree = "<group>";
		};
		7EDC59A0200E76D000C33DFC /* Models */ = {
			isa = PBXGroup;
			children = (
				7EDC59A1200E76E100C33DFC /* Feeling.swift */,
			);
			path = Models;
			sourceTree = "<group>";
		};
/* End PBXGroup section */

/* Begin PBXNativeTarget section */
		7EDC5985200E6C4100C33DFC /* Stayt */ = {
			isa = PBXNativeTarget;
			buildConfigurationList = 7EDC5998200E6C4100C33DFC /* Build configuration list for PBXNativeTarget "Stayt" */;
			buildPhases = (
				7EDC5982200E6C4100C33DFC /* Sources */,
				7EDC5983200E6C4100C33DFC /* Frameworks */,
				7EDC5984200E6C4100C33DFC /* Resources */,
			);
			buildRules = (
			);
			dependencies = (
			);
			name = Stayt;
			productName = Stayt;
			productReference = 7EDC5986200E6C4100C33DFC /* Stayt.app */;
			productType = "com.apple.product-type.application";
		};
/* End PBXNativeTarget section */

/* Begin PBXProject section */
		7EDC597E200E6C4100C33DFC /* Project object */ = {
			isa = PBXProject;
			attributes = {
				LastSwiftUpdateCheck = 0920;
				LastUpgradeCheck = 0920;
				ORGANIZATIONNAME = "Владимир Мельников";
				TargetAttributes = {
					7EDC5985200E6C4100C33DFC = {
						CreatedOnToolsVersion = 9.2;
						ProvisioningStyle = Automatic;
					};
				};
			};
			buildConfigurationList = 7EDC5981200E6C4100C33DFC /* Build configuration list for PBXProject "Stayt" */;
			compatibilityVersion = "Xcode 8.0";
			developmentRegion = en;
			hasScannedForEncodings = 0;
			knownRegions = (
				en,
				Base,
			);
			mainGroup = 7EDC597D200E6C4100C33DFC;
			productRefGroup = 7EDC5987200E6C4100C33DFC /* Products */;
			projectDirPath = "";
			projectRoot = "";
			targets = (
				7EDC5985200E6C4100C33DFC /* Stayt */,
			);
		};
/* End PBXProject section */

/* Begin PBXResourcesBuildPhase section */
		7EDC5984200E6C4100C33DFC /* Resources */ = {
			isa = PBXResourcesBuildPhase;
			buildActionMask = 2147483647;
			files = (
				7EDC5994200E6C4100C33DFC /* LaunchScreen.storyboard in Resources */,
				7EDC5991200E6C4100C33DFC /* Assets.xcassets in Resources */,
				7EDC598F200E6C4100C33DFC /* Main.storyboard in Resources */,
			);
			runOnlyForDeploymentPostprocessing = 0;
		};
/* End PBXResourcesBuildPhase section */

/* Begin PBXSourcesBuildPhase section */
		7EDC5982200E6C4100C33DFC /* Sources */ = {
			isa = PBXSourcesBuildPhase;
			buildActionMask = 2147483647;
			files = (
				7E3DAA2C200F5D6700E1B88C /* DisclosureButton.swift in Sources */,
				7EDC599F200E765C00C33DFC /* FeelingCell.swift in Sources */,
				7E3DAA29200F5A3D00E1B88C /* BorderedCircleView.swift in Sources */,
				7E3DAA27200F57C800E1B88C /* ExerciseViewController.swift in Sources */,
				7E3DAA2E200F5F9900E1B88C /* DropDownMenuHandler.swift in Sources */,
				7EDC598A200E6C4100C33DFC /* AppDelegate.swift in Sources */,
				7EDC59A2200E76E100C33DFC /* Feeling.swift in Sources */,
				7EDC599C200E75A400C33DFC /* MainViewController.swift in Sources */,
			);
			runOnlyForDeploymentPostprocessing = 0;
		};
/* End PBXSourcesBuildPhase section */

/* Begin PBXVariantGroup section */
		7EDC598D200E6C4100C33DFC /* Main.storyboard */ = {
			isa = PBXVariantGroup;
			children = (
				7EDC598E200E6C4100C33DFC /* Base */,
			);
			name = Main.storyboard;
			sourceTree = "<group>";
		};
		7EDC5992200E6C4100C33DFC /* LaunchScreen.storyboard */ = {
			isa = PBXVariantGroup;
			children = (
				7EDC5993200E6C4100C33DFC /* Base */,
			);
			name = LaunchScreen.storyboard;
			sourceTree = "<group>";
		};
/* End PBXVariantGroup section */

/* Begin XCBuildConfiguration section */
		7EDC5996200E6C4100C33DFC /* Debug */ = {
			isa = XCBuildConfiguration;
			buildSettings = {
				ALWAYS_SEARCH_USER_PATHS = NO;
				CLANG_ANALYZER_NONNULL = YES;
				CLANG_ANALYZER_NUMBER_OBJECT_CONVERSION = YES_AGGRESSIVE;
				CLANG_CXX_LANGUAGE_STANDARD = "gnu++14";
				CLANG_CXX_LIBRARY = "libc++";
				CLANG_ENABLE_MODULES = YES;
				CLANG_ENABLE_OBJC_ARC = YES;
				CLANG_WARN_BLOCK_CAPTURE_AUTORELEASING = YES;
				CLANG_WARN_BOOL_CONVERSION = YES;
				CLANG_WARN_COMMA = YES;
				CLANG_WARN_CONSTANT_CONVERSION = YES;
				CLANG_WARN_DIRECT_OBJC_ISA_USAGE = YES_ERROR;
				CLANG_WARN_DOCUMENTATION_COMMENTS = YES;
				CLANG_WARN_EMPTY_BODY = YES;
				CLANG_WARN_ENUM_CONVERSION = YES;
				CLANG_WARN_INFINITE_RECURSION = YES;
				CLANG_WARN_INT_CONVERSION = YES;
				CLANG_WARN_NON_LITERAL_NULL_CONVERSION = YES;
				CLANG_WARN_OBJC_LITERAL_CONVERSION = YES;
				CLANG_WARN_OBJC_ROOT_CLASS = YES_ERROR;
				CLANG_WARN_RANGE_LOOP_ANALYSIS = YES;
				CLANG_WARN_STRICT_PROTOTYPES = YES;
				CLANG_WARN_SUSPICIOUS_MOVE = YES;
				CLANG_WARN_UNGUARDED_AVAILABILITY = YES_AGGRESSIVE;
				CLANG_WARN_UNREACHABLE_CODE = YES;
				CLANG_WARN__DUPLICATE_METHOD_MATCH = YES;
				CODE_SIGN_IDENTITY = "iPhone Developer";
				COPY_PHASE_STRIP = NO;
				DEBUG_INFORMATION_FORMAT = dwarf;
				ENABLE_STRICT_OBJC_MSGSEND = YES;
				ENABLE_TESTABILITY = YES;
				GCC_C_LANGUAGE_STANDARD = gnu11;
				GCC_DYNAMIC_NO_PIC = NO;
				GCC_NO_COMMON_BLOCKS = YES;
				GCC_OPTIMIZATION_LEVEL = 0;
				GCC_PREPROCESSOR_DEFINITIONS = (
					"DEBUG=1",
					"$(inherited)",
				);
				GCC_WARN_64_TO_32_BIT_CONVERSION = YES;
				GCC_WARN_ABOUT_RETURN_TYPE = YES_ERROR;
				GCC_WARN_UNDECLARED_SELECTOR = YES;
				GCC_WARN_UNINITIALIZED_AUTOS = YES_AGGRESSIVE;
				GCC_WARN_UNUSED_FUNCTION = YES;
				GCC_WARN_UNUSED_VARIABLE = YES;
				IPHONEOS_DEPLOYMENT_TARGET = 11.2;
				MTL_ENABLE_DEBUG_INFO = YES;
				ONLY_ACTIVE_ARCH = YES;
				SDKROOT = iphoneos;
				SWIFT_ACTIVE_COMPILATION_CONDITIONS = DEBUG;
				SWIFT_OPTIMIZATION_LEVEL = "-Onone";
			};
			name = Debug;
		};
		7EDC5997200E6C4100C33DFC /* Release */ = {
			isa = XCBuildConfiguration;
			buildSettings = {
				ALWAYS_SEARCH_USER_PATHS = NO;
				CLANG_ANALYZER_NONNULL = YES;
				CLANG_ANALYZER_NUMBER_OBJECT_CONVERSION = YES_AGGRESSIVE;
				CLANG_CXX_LANGUAGE_STANDARD = "gnu++14";
				CLANG_CXX_LIBRARY = "libc++";
				CLANG_ENABLE_MODULES = YES;
				CLANG_ENABLE_OBJC_ARC = YES;
				CLANG_WARN_BLOCK_CAPTURE_AUTORELEASING = YES;
				CLANG_WARN_BOOL_CONVERSION = YES;
				CLANG_WARN_COMMA = YES;
				CLANG_WARN_CONSTANT_CONVERSION = YES;
				CLANG_WARN_DIRECT_OBJC_ISA_USAGE = YES_ERROR;
				CLANG_WARN_DOCUMENTATION_COMMENTS = YES;
				CLANG_WARN_EMPTY_BODY = YES;
				CLANG_WARN_ENUM_CONVERSION = YES;
				CLANG_WARN_INFINITE_RECURSION = YES;
				CLANG_WARN_INT_CONVERSION = YES;
				CLANG_WARN_NON_LITERAL_NULL_CONVERSION = YES;
				CLANG_WARN_OBJC_LITERAL_CONVERSION = YES;
				CLANG_WARN_OBJC_ROOT_CLASS = YES_ERROR;
				CLANG_WARN_RANGE_LOOP_ANALYSIS = YES;
				CLANG_WARN_STRICT_PROTOTYPES = YES;
				CLANG_WARN_SUSPICIOUS_MOVE = YES;
				CLANG_WARN_UNGUARDED_AVAILABILITY = YES_AGGRESSIVE;
				CLANG_WARN_UNREACHABLE_CODE = YES;
				CLANG_WARN__DUPLICATE_METHOD_MATCH = YES;
				CODE_SIGN_IDENTITY = "iPhone Developer";
				COPY_PHASE_STRIP = NO;
				DEBUG_INFORMATION_FORMAT = "dwarf-with-dsym";
				ENABLE_NS_ASSERTIONS = NO;
				ENABLE_STRICT_OBJC_MSGSEND = YES;
				GCC_C_LANGUAGE_STANDARD = gnu11;
				GCC_NO_COMMON_BLOCKS = YES;
				GCC_WARN_64_TO_32_BIT_CONVERSION = YES;
				GCC_WARN_ABOUT_RETURN_TYPE = YES_ERROR;
				GCC_WARN_UNDECLARED_SELECTOR = YES;
				GCC_WARN_UNINITIALIZED_AUTOS = YES_AGGRESSIVE;
				GCC_WARN_UNUSED_FUNCTION = YES;
				GCC_WARN_UNUSED_VARIABLE = YES;
				IPHONEOS_DEPLOYMENT_TARGET = 11.2;
				MTL_ENABLE_DEBUG_INFO = NO;
				SDKROOT = iphoneos;
				SWIFT_OPTIMIZATION_LEVEL = "-Owholemodule";
				VALIDATE_PRODUCT = YES;
			};
			name = Release;
		};
		7EDC5999200E6C4100C33DFC /* Debug */ = {
			isa = XCBuildConfiguration;
			buildSettings = {
				ASSETCATALOG_COMPILER_APPICON_NAME = AppIcon;
				CODE_SIGN_STYLE = Automatic;
				DEVELOPMENT_TEAM = 53R9KY4U3K;
				INFOPLIST_FILE = Stayt/Info.plist;
				LD_RUNPATH_SEARCH_PATHS = "$(inherited) @executable_path/Frameworks";
				PRODUCT_BUNDLE_IDENTIFIER = inspect.Stayt;
				PRODUCT_NAME = "$(TARGET_NAME)";
				SWIFT_VERSION = 4.0;
				TARGETED_DEVICE_FAMILY = "1,2";
			};
			name = Debug;
		};
		7EDC599A200E6C4100C33DFC /* Release */ = {
			isa = XCBuildConfiguration;
			buildSettings = {
				ASSETCATALOG_COMPILER_APPICON_NAME = AppIcon;
				CODE_SIGN_STYLE = Automatic;
				DEVELOPMENT_TEAM = 53R9KY4U3K;
				INFOPLIST_FILE = Stayt/Info.plist;
				LD_RUNPATH_SEARCH_PATHS = "$(inherited) @executable_path/Frameworks";
				PRODUCT_BUNDLE_IDENTIFIER = inspect.Stayt;
				PRODUCT_NAME = "$(TARGET_NAME)";
				SWIFT_VERSION = 4.0;
				TARGETED_DEVICE_FAMILY = "1,2";
			};
			name = Release;
		};
/* End XCBuildConfiguration section */

/* Begin XCConfigurationList section */
		7EDC5981200E6C4100C33DFC /* Build configuration list for PBXProject "Stayt" */ = {
			isa = XCConfigurationList;
			buildConfigurations = (
				7EDC5996200E6C4100C33DFC /* Debug */,
				7EDC5997200E6C4100C33DFC /* Release */,
			);
			defaultConfigurationIsVisible = 0;
			defaultConfigurationName = Release;
		};
		7EDC5998200E6C4100C33DFC /* Build configuration list for PBXNativeTarget "Stayt" */ = {
			isa = XCConfigurationList;
			buildConfigurations = (
				7EDC5999200E6C4100C33DFC /* Debug */,
				7EDC599A200E6C4100C33DFC /* Release */,
			);
			defaultConfigurationIsVisible = 0;
			defaultConfigurationName = Release;
		};
/* End XCConfigurationList section */
	};
	rootObject = 7EDC597E200E6C4100C33DFC /* Project object */;
}
